
Microsoft Visual Studio Solution File, Format Version 12.00
# Visual Studio Version 16
VisualStudioVersion = 16.0.29409.12
MinimumVisualStudioVersion = 10.0.40219.1
Project("{9A19103F-16F7-4668-BE54-9A1E7A4F7556}") = "ProSportsTransactionsScraper", "ProSportsTransactionsScraper\ProSportsTransactionsScraper.csproj", "{EB16BA41-9347-4796-AD26-6132EC68AA9F}"
EndProject
Global
	GlobalSection(SolutionConfigurationPlatforms) = preSolution
		Debug|Any CPU = Debug|Any CPU
		Release|Any CPU = Release|Any CPU
	EndGlobalSection
	GlobalSection(ProjectConfigurationPlatforms) = postSolution
		{EB16BA41-9347-4796-AD26-6132EC68AA9F}.Debug|Any CPU.ActiveCfg = Debug|Any CPU
		{EB16BA41-9347-4796-AD26-6132EC68AA9F}.Debug|Any CPU.Build.0 = Debug|Any CPU
		{EB16BA41-9347-4796-AD26-6132EC68AA9F}.Release|Any CPU.ActiveCfg = Release|Any CPU
		{EB16BA41-9347-4796-AD26-6132EC68AA9F}.Release|Any CPU.Build.0 = Release|Any CPU
	EndGlobalSection
	GlobalSection(SolutionProperties) = preSolution
		HideSolutionNode = FALSE
	EndGlobalSection
	GlobalSection(ExtensibilityGlobals) = postSolution
		SolutionGuid = {32125E26-519E-47EE-AD28-17939992E887}
	EndGlobalSection
EndGlobal
